
Microsoft Visual Studio Solution File, Format Version 12.00
# Visual Studio Version 16
VisualStudioVersion = 16.0.30225.117
MinimumVisualStudioVersion = 10.0.40219.1
Project("{8BC9CEB8-8B4A-11D0-8D11-00A0C91BC942}") = "StaticValues", "StaticValues\StaticValues.vcxproj", "{3815A44B-15DE-4D86-B61D-FE2DE9096148}"
EndProject
Project("{8BC9CEB8-8B4A-11D0-8D11-00A0C91BC942}") = "Operators", "Operators\Operators.vcxproj", "{B1796230-1028-4CFD-8E1E-519137D3F178}"
EndProject
Global
	GlobalSection(SolutionConfigurationPlatforms) = preSolution
		Debug|x64 = Debug|x64
		Debug|x86 = Debug|x86
		Release|x64 = Release|x64
		Release|x86 = Release|x86
	EndGlobalSection
	GlobalSection(ProjectConfigurationPlatforms) = postSolution
		{3815A44B-15DE-4D86-B61D-FE2DE9096148}.Debug|x64.ActiveCfg = Debug|x64
		{3815A44B-15DE-4D86-B61D-FE2DE9096148}.Debug|x64.Build.0 = Debug|x64
		{3815A44B-15DE-4D86-B61D-FE2DE9096148}.Debug|x86.ActiveCfg = Debug|Win32
		{3815A44B-15DE-4D86-B61D-FE2DE9096148}.Debug|x86.Build.0 = Debug|Win32
		{3815A44B-15DE-4D86-B61D-FE2DE9096148}.Release|x64.ActiveCfg = Release|x64
		{3815A44B-15DE-4D86-B61D-FE2DE9096148}.Release|x64.Build.0 = Release|x64
		{3815A44B-15DE-4D86-B61D-FE2DE9096148}.Release|x86.ActiveCfg = Release|Win32
		{3815A44B-15DE-4D86-B61D-FE2DE9096148}.Release|x86.Build.0 = Release|Win32
		{B1796230-1028-4CFD-8E1E-519137D3F178}.Debug|x64.ActiveCfg = Debug|x64
		{B1796230-1028-4CFD-8E1E-519137D3F178}.Debug|x64.Build.0 = Debug|x64
		{B1796230-1028-4CFD-8E1E-519137D3F178}.Debug|x86.ActiveCfg = Debug|Win32
		{B1796230-1028-4CFD-8E1E-519137D3F178}.Debug|x86.Build.0 = Debug|Win32
		{B1796230-1028-4CFD-8E1E-519137D3F178}.Release|x64.ActiveCfg = Release|x64
		{B1796230-1028-4CFD-8E1E-519137D3F178}.Release|x64.Build.0 = Release|x64
		{B1796230-1028-4CFD-8E1E-519137D3F178}.Release|x86.ActiveCfg = Release|Win32
		{B1796230-1028-4CFD-8E1E-519137D3F178}.Release|x86.Build.0 = Release|Win32
	EndGlobalSection
	GlobalSection(SolutionProperties) = preSolution
		HideSolutionNode = FALSE
	EndGlobalSection
	GlobalSection(ExtensibilityGlobals) = postSolution
		SolutionGuid = {EEB1E607-2029-4421-A6ED-ACCDB1D8B8BA}
	EndGlobalSection
EndGlobal
